
Microsoft Visual Studio Solution File, Format Version 12.00
# Visual Studio Version 17
VisualStudioVersion = 17.0.31903.59
MinimumVisualStudioVersion = 10.0.40219.1
Project("{2150E333-8FDC-42A3-9474-1A3956D46DE8}") = "src", "src", "{827E0CD3-B72D-47B6-A68D-7590B98EB39B}"
EndProject
Project("{2150E333-8FDC-42A3-9474-1A3956D46DE8}") = "Api", "Api", "{81034408-37C8-1011-444E-4C15C2FADA8E}"
EndProject
Project("{FAE04EC0-301F-11D3-BF4B-00C04F79EFBC}") = "MealCycle.Api", "src\Api\MealCycle.Api.csproj", "{73FAE608-9662-497D-9C8D-7C4F50FA8D43}"
EndProject
Project("{FAE04EC0-301F-11D3-BF4B-00C04F79EFBC}") = "MealCycle.Application", "src\Application\MealCycle.Application.csproj", "{6EA1BD29-5465-46A2-8FEB-84642B86E8A2}"
EndProject
Project("{FAE04EC0-301F-11D3-BF4B-00C04F79EFBC}") = "MealCycle.Domain", "src\Domain\MealCycle.Domain.csproj", "{86FD0901-220B-4926-9E34-27ADCDB6342E}"
EndProject
Project("{FAE04EC0-301F-11D3-BF4B-00C04F79EFBC}") = "MealCycle.Infrastructure", "src\Infrastructure\MealCycle.Infrastructure.csproj", "{66D880EA-21B1-40D4-A03D-02D7F12381F3}"
EndProject
Project("{FAE04EC0-301F-11D3-BF4B-00C04F79EFBC}") = "MealCycle.UnitTests", "tests\Unit\MealCycle.UnitTests.csproj", "{66A51517-C69F-45F6-A384-F2BFB600485A}"
EndProject
Project("{FAE04EC0-301F-11D3-BF4B-00C04F79EFBC}") = "MealCycle.IntegrationTests", "tests\Integration\MealCycle.IntegrationTests.csproj", "{99967E69-A425-447E-9832-916B4900EE89}"
EndProject
Global
	GlobalSection(SolutionConfigurationPlatforms) = preSolution
		Debug|Any CPU = Debug|Any CPU
		Debug|x64 = Debug|x64
		Debug|x86 = Debug|x86
		Release|Any CPU = Release|Any CPU
		Release|x64 = Release|x64
		Release|x86 = Release|x86
	EndGlobalSection
	GlobalSection(ProjectConfigurationPlatforms) = postSolution
		{73FAE608-9662-497D-9C8D-7C4F50FA8D43}.Debug|Any CPU.ActiveCfg = Debug|Any CPU
		{73FAE608-9662-497D-9C8D-7C4F50FA8D43}.Debug|Any CPU.Build.0 = Debug|Any CPU
		{73FAE608-9662-497D-9C8D-7C4F50FA8D43}.Debug|x64.ActiveCfg = Debug|Any CPU
		{73FAE608-9662-497D-9C8D-7C4F50FA8D43}.Debug|x64.Build.0 = Debug|Any CPU
		{73FAE608-9662-497D-9C8D-7C4F50FA8D43}.Debug|x86.ActiveCfg = Debug|Any CPU
		{73FAE608-9662-497D-9C8D-7C4F50FA8D43}.Debug|x86.Build.0 = Debug|Any CPU
		{73FAE608-9662-497D-9C8D-7C4F50FA8D43}.Release|Any CPU.ActiveCfg = Release|Any CPU
		{73FAE608-9662-497D-9C8D-7C4F50FA8D43}.Release|Any CPU.Build.0 = Release|Any CPU
		{73FAE608-9662-497D-9C8D-7C4F50FA8D43}.Release|x64.ActiveCfg = Release|Any CPU
		{73FAE608-9662-497D-9C8D-7C4F50FA8D43}.Release|x64.Build.0 = Release|Any CPU
		{73FAE608-9662-497D-9C8D-7C4F50FA8D43}.Release|x86.ActiveCfg = Release|Any CPU
		{73FAE608-9662-497D-9C8D-7C4F50FA8D43}.Release|x86.Build.0 = Release|Any CPU
		{6EA1BD29-5465-46A2-8FEB-84642B86E8A2}.Debug|Any CPU.ActiveCfg = Debug|Any CPU
		{6EA1BD29-5465-46A2-8FEB-84642B86E8A2}.Debug|Any CPU.Build.0 = Debug|Any CPU
		{6EA1BD29-5465-46A2-8FEB-84642B86E8A2}.Debug|x64.ActiveCfg = Debug|Any CPU
		{6EA1BD29-5465-46A2-8FEB-84642B86E8A2}.Debug|x64.Build.0 = Debug|Any CPU
		{6EA1BD29-5465-46A2-8FEB-84642B86E8A2}.Debug|x86.ActiveCfg = Debug|Any CPU
		{6EA1BD29-5465-46A2-8FEB-84642B86E8A2}.Debug|x86.Build.0 = Debug|Any CPU
		{6EA1BD29-5465-46A2-8FEB-84642B86E8A2}.Release|Any CPU.ActiveCfg = Release|Any CPU
		{6EA1BD29-5465-46A2-8FEB-84642B86E8A2}.Release|Any CPU.Build.0 = Release|Any CPU
		{6EA1BD29-5465-46A2-8FEB-84642B86E8A2}.Release|x64.ActiveCfg = Release|Any CPU
		{6EA1BD29-5465-46A2-8FEB-84642B86E8A2}.Release|x64.Build.0 = Release|Any CPU
		{6EA1BD29-5465-46A2-8FEB-84642B86E8A2}.Release|x86.ActiveCfg = Release|Any CPU
		{6EA1BD29-5465-46A2-8FEB-84642B86E8A2}.Release|x86.Build.0 = Release|Any CPU
		{86FD0901-220B-4926-9E34-27ADCDB6342E}.Debug|Any CPU.ActiveCfg = Debug|Any CPU
		{86FD0901-220B-4926-9E34-27ADCDB6342E}.Debug|Any CPU.Build.0 = Debug|Any CPU
		{86FD0901-220B-4926-9E34-27ADCDB6342E}.Debug|x64.ActiveCfg = Debug|Any CPU
		{86FD0901-220B-4926-9E34-27ADCDB6342E}.Debug|x64.Build.0 = Debug|Any CPU
		{86FD0901-220B-4926-9E34-27ADCDB6342E}.Debug|x86.ActiveCfg = Debug|Any CPU
		{86FD0901-220B-4926-9E34-27ADCDB6342E}.Debug|x86.Build.0 = Debug|Any CPU
		{86FD0901-220B-4926-9E34-27ADCDB6342E}.Release|Any CPU.ActiveCfg = Release|Any CPU
		{86FD0901-220B-4926-9E34-27ADCDB6342E}.Release|Any CPU.Build.0 = Release|Any CPU
		{86FD0901-220B-4926-9E34-27ADCDB6342E}.Release|x64.ActiveCfg = Release|Any CPU
		{86FD0901-220B-4926-9E34-27ADCDB6342E}.Release|x64.Build.0 = Release|Any CPU
		{86FD0901-220B-4926-9E34-27ADCDB6342E}.Release|x86.ActiveCfg = Release|Any CPU
		{86FD0901-220B-4926-9E34-27ADCDB6342E}.Release|x86.Build.0 = Release|Any CPU
		{66D880EA-21B1-40D4-A03D-02D7F12381F3}.Debug|Any CPU.ActiveCfg = Debug|Any CPU
		{66D880EA-21B1-40D4-A03D-02D7F12381F3}.Debug|Any CPU.Build.0 = Debug|Any CPU
		{66D880EA-21B1-40D4-A03D-02D7F12381F3}.Debug|x64.ActiveCfg = Debug|Any CPU
		{66D880EA-21B1-40D4-A03D-02D7F12381F3}.Debug|x64.Build.0 = Debug|Any CPU
		{66D880EA-21B1-40D4-A03D-02D7F12381F3}.Debug|x86.ActiveCfg = Debug|Any CPU
		{66D880EA-21B1-40D4-A03D-02D7F12381F3}.Debug|x86.Build.0 = Debug|Any CPU
		{66D880EA-21B1-40D4-A03D-02D7F12381F3}.Release|Any CPU.ActiveCfg = Release|Any CPU
		{66D880EA-21B1-40D4-A03D-02D7F12381F3}.Release|Any CPU.Build.0 = Release|Any CPU
		{66D880EA-21B1-40D4-A03D-02D7F12381F3}.Release|x64.ActiveCfg = Release|Any CPU
		{66D880EA-21B1-40D4-A03D-02D7F12381F3}.Release|x64.Build.0 = Release|Any CPU
		{66D880EA-21B1-40D4-A03D-02D7F12381F3}.Release|x86.ActiveCfg = Release|Any CPU
		{66D880EA-21B1-40D4-A03D-02D7F12381F3}.Release|x86.Build.0 = Release|Any CPU
		{66A51517-C69F-45F6-A384-F2BFB600485A}.Debug|Any CPU.ActiveCfg = Debug|Any CPU
		{66A51517-C69F-45F6-A384-F2BFB600485A}.Debug|Any CPU.Build.0 = Debug|Any CPU
		{66A51517-C69F-45F6-A384-F2BFB600485A}.Debug|x64.ActiveCfg = Debug|Any CPU
		{66A51517-C69F-45F6-A384-F2BFB600485A}.Debug|x64.Build.0 = Debug|Any CPU
		{66A51517-C69F-45F6-A384-F2BFB600485A}.Debug|x86.ActiveCfg = Debug|Any CPU
		{66A51517-C69F-45F6-A384-F2BFB600485A}.Debug|x86.Build.0 = Debug|Any CPU
		{66A51517-C69F-45F6-A384-F2BFB600485A}.Release|Any CPU.ActiveCfg = Release|Any CPU
		{66A51517-C69F-45F6-A384-F2BFB600485A}.Release|Any CPU.Build.0 = Release|Any CPU
		{66A51517-C69F-45F6-A384-F2BFB600485A}.Release|x64.ActiveCfg = Release|Any CPU
		{66A51517-C69F-45F6-A384-F2BFB600485A}.Release|x64.Build.0 = Release|Any CPU
		{66A51517-C69F-45F6-A384-F2BFB600485A}.Release|x86.ActiveCfg = Release|Any CPU
		{66A51517-C69F-45F6-A384-F2BFB600485A}.Release|x86.Build.0 = Release|Any CPU
		{99967E69-A425-447E-9832-916B4900EE89}.Debug|Any CPU.ActiveCfg = Debug|Any CPU
		{99967E69-A425-447E-9832-916B4900EE89}.Debug|Any CPU.Build.0 = Debug|Any CPU
		{99967E69-A425-447E-9832-916B4900EE89}.Debug|x64.ActiveCfg = Debug|Any CPU
		{99967E69-A425-447E-9832-916B4900EE89}.Debug|x64.Build.0 = Debug|Any CPU
		{99967E69-A425-447E-9832-916B4900EE89}.Debug|x86.ActiveCfg = Debug|Any CPU
		{99967E69-A425-447E-9832-916B4900EE89}.Debug|x86.Build.0 = Debug|Any CPU
		{99967E69-A425-447E-9832-916B4900EE89}.Release|Any CPU.ActiveCfg = Release|Any CPU
		{99967E69-A425-447E-9832-916B4900EE89}.Release|Any CPU.Build.0 = Release|Any CPU
		{99967E69-A425-447E-9832-916B4900EE89}.Release|x64.ActiveCfg = Release|Any CPU
		{99967E69-A425-447E-9832-916B4900EE89}.Release|x64.Build.0 = Release|Any CPU
		{99967E69-A425-447E-9832-916B4900EE89}.Release|x86.ActiveCfg = Release|Any CPU
		{99967E69-A425-447E-9832-916B4900EE89}.Release|x86.Build.0 = Release|Any CPU
	EndGlobalSection
	GlobalSection(SolutionProperties) = preSolution
		HideSolutionNode = FALSE
	EndGlobalSection
	GlobalSection(NestedProjects) = preSolution
		{81034408-37C8-1011-444E-4C15C2FADA8E} = {827E0CD3-B72D-47B6-A68D-7590B98EB39B}
		{73FAE608-9662-497D-9C8D-7C4F50FA8D43} = {81034408-37C8-1011-444E-4C15C2FADA8E}
		{6EA1BD29-5465-46A2-8FEB-84642B86E8A2} = {81034408-37C8-1011-444E-4C15C2FADA8E}
		{86FD0901-220B-4926-9E34-27ADCDB6342E} = {81034408-37C8-1011-444E-4C15C2FADA8E}
		{66D880EA-21B1-40D4-A03D-02D7F12381F3} = {81034408-37C8-1011-444E-4C15C2FADA8E}
		{66A51517-C69F-45F6-A384-F2BFB600485A} = {81034408-37C8-1011-444E-4C15C2FADA8E}
		{99967E69-A425-447E-9832-916B4900EE89} = {81034408-37C8-1011-444E-4C15C2FADA8E}
	EndGlobalSection
EndGlobal
